
Microsoft Visual Studio Solution File, Format Version 12.00
# Visual Studio Version 16
VisualStudioVersion = 16.0.33027.164
MinimumVisualStudioVersion = 10.0.40219.1
Project("{FAE04EC0-301F-11D3-BF4B-00C04F79EFBC}") = "PoritiveOrNegative", "PoritiveOrNegative\PoritiveOrNegative.csproj", "{61025E1E-4540-4853-A72B-163867C8E3A2}"
EndProject
Global
	GlobalSection(SolutionConfigurationPlatforms) = preSolution
		Debug|Any CPU = Debug|Any CPU
		Release|Any CPU = Release|Any CPU
	EndGlobalSection
	GlobalSection(ProjectConfigurationPlatforms) = postSolution
		{61025E1E-4540-4853-A72B-163867C8E3A2}.Debug|Any CPU.ActiveCfg = Debug|Any CPU
		{61025E1E-4540-4853-A72B-163867C8E3A2}.Debug|Any CPU.Build.0 = Debug|Any CPU
		{61025E1E-4540-4853-A72B-163867C8E3A2}.Release|Any CPU.ActiveCfg = Release|Any CPU
		{61025E1E-4540-4853-A72B-163867C8E3A2}.Release|Any CPU.Build.0 = Release|Any CPU
	EndGlobalSection
	GlobalSection(SolutionProperties) = preSolution
		HideSolutionNode = FALSE
	EndGlobalSection
	GlobalSection(ExtensibilityGlobals) = postSolution
		SolutionGuid = {3E88DC7D-D830-410F-AAC1-DA74B6435769}
	EndGlobalSection
EndGlobal
