
Microsoft Visual Studio Solution File, Format Version 12.00
# Visual Studio Version 16
VisualStudioVersion = 16.0.33027.164
MinimumVisualStudioVersion = 10.0.40219.1
Project("{FAE04EC0-301F-11D3-BF4B-00C04F79EFBC}") = "Multiplication Of Three numbers", "Multiplication Of Three numbers\Multiplication Of Three numbers.csproj", "{168705EE-618E-45CC-96C4-104C11A49556}"
EndProject
Global
	GlobalSection(SolutionConfigurationPlatforms) = preSolution
		Debug|Any CPU = Debug|Any CPU
		Release|Any CPU = Release|Any CPU
	EndGlobalSection
	GlobalSection(ProjectConfigurationPlatforms) = postSolution
		{168705EE-618E-45CC-96C4-104C11A49556}.Debug|Any CPU.ActiveCfg = Debug|Any CPU
		{168705EE-618E-45CC-96C4-104C11A49556}.Debug|Any CPU.Build.0 = Debug|Any CPU
		{168705EE-618E-45CC-96C4-104C11A49556}.Release|Any CPU.ActiveCfg = Release|Any CPU
		{168705EE-618E-45CC-96C4-104C11A49556}.Release|Any CPU.Build.0 = Release|Any CPU
	EndGlobalSection
	GlobalSection(SolutionProperties) = preSolution
		HideSolutionNode = FALSE
	EndGlobalSection
	GlobalSection(ExtensibilityGlobals) = postSolution
		SolutionGuid = {032F9E47-514B-445B-96BA-8D13944503BF}
	EndGlobalSection
EndGlobal
