
Microsoft Visual Studio Solution File, Format Version 12.00
# Visual Studio Version 17
VisualStudioVersion = 17.2.32519.379
MinimumVisualStudioVersion = 10.0.40219.1
Project("{FAE04EC0-301F-11D3-BF4B-00C04F79EFBC}") = "PrintingApp", "PrintingApp\PrintingApp.csproj", "{E90DBA8E-8129-4E87-8809-D2A4D506DC30}"
EndProject
Global
	GlobalSection(SolutionConfigurationPlatforms) = preSolution
		Debug|Any CPU = Debug|Any CPU
		Release|Any CPU = Release|Any CPU
	EndGlobalSection
	GlobalSection(ProjectConfigurationPlatforms) = postSolution
		{E90DBA8E-8129-4E87-8809-D2A4D506DC30}.Debug|Any CPU.ActiveCfg = Debug|Any CPU
		{E90DBA8E-8129-4E87-8809-D2A4D506DC30}.Debug|Any CPU.Build.0 = Debug|Any CPU
		{E90DBA8E-8129-4E87-8809-D2A4D506DC30}.Release|Any CPU.ActiveCfg = Release|Any CPU
		{E90DBA8E-8129-4E87-8809-D2A4D506DC30}.Release|Any CPU.Build.0 = Release|Any CPU
	EndGlobalSection
	GlobalSection(SolutionProperties) = preSolution
		HideSolutionNode = FALSE
	EndGlobalSection
	GlobalSection(ExtensibilityGlobals) = postSolution
		SolutionGuid = {6784F5F5-3255-451F-BA9E-8669BABD1862}
	EndGlobalSection
EndGlobal
