
Microsoft Visual Studio Solution File, Format Version 12.00
# Visual Studio Version 16
VisualStudioVersion = 16.0.33027.164
MinimumVisualStudioVersion = 10.0.40219.1
Project("{FAE04EC0-301F-11D3-BF4B-00C04F79EFBC}") = "Multiplication Table", "Multiplication Table\Multiplication Table.csproj", "{87ABCACA-87F4-4EA5-820E-BF3486BD867E}"
EndProject
Global
	GlobalSection(SolutionConfigurationPlatforms) = preSolution
		Debug|Any CPU = Debug|Any CPU
		Release|Any CPU = Release|Any CPU
	EndGlobalSection
	GlobalSection(ProjectConfigurationPlatforms) = postSolution
		{87ABCACA-87F4-4EA5-820E-BF3486BD867E}.Debug|Any CPU.ActiveCfg = Debug|Any CPU
		{87ABCACA-87F4-4EA5-820E-BF3486BD867E}.Debug|Any CPU.Build.0 = Debug|Any CPU
		{87ABCACA-87F4-4EA5-820E-BF3486BD867E}.Release|Any CPU.ActiveCfg = Release|Any CPU
		{87ABCACA-87F4-4EA5-820E-BF3486BD867E}.Release|Any CPU.Build.0 = Release|Any CPU
	EndGlobalSection
	GlobalSection(SolutionProperties) = preSolution
		HideSolutionNode = FALSE
	EndGlobalSection
	GlobalSection(ExtensibilityGlobals) = postSolution
		SolutionGuid = {26AF7E7F-BD58-4D98-B519-90D854C9507A}
	EndGlobalSection
EndGlobal
