
Microsoft Visual Studio Solution File, Format Version 12.00
# Visual Studio Version 16
VisualStudioVersion = 16.0.33027.164
MinimumVisualStudioVersion = 10.0.40219.1
Project("{FAE04EC0-301F-11D3-BF4B-00C04F79EFBC}") = "Swap2Numbers", "Swap2Numbers\Swap2Numbers.csproj", "{43F2905F-9965-4567-9355-384FD969F514}"
EndProject
Global
	GlobalSection(SolutionConfigurationPlatforms) = preSolution
		Debug|Any CPU = Debug|Any CPU
		Release|Any CPU = Release|Any CPU
	EndGlobalSection
	GlobalSection(ProjectConfigurationPlatforms) = postSolution
		{43F2905F-9965-4567-9355-384FD969F514}.Debug|Any CPU.ActiveCfg = Debug|Any CPU
		{43F2905F-9965-4567-9355-384FD969F514}.Debug|Any CPU.Build.0 = Debug|Any CPU
		{43F2905F-9965-4567-9355-384FD969F514}.Release|Any CPU.ActiveCfg = Release|Any CPU
		{43F2905F-9965-4567-9355-384FD969F514}.Release|Any CPU.Build.0 = Release|Any CPU
	EndGlobalSection
	GlobalSection(SolutionProperties) = preSolution
		HideSolutionNode = FALSE
	EndGlobalSection
	GlobalSection(ExtensibilityGlobals) = postSolution
		SolutionGuid = {B289766E-26B8-4FE9-83D7-8C0EF191C7D7}
	EndGlobalSection
EndGlobal
