
Microsoft Visual Studio Solution File, Format Version 12.00
# Visual Studio Version 16
VisualStudioVersion = 16.0.33027.164
MinimumVisualStudioVersion = 10.0.40219.1
Project("{FAE04EC0-301F-11D3-BF4B-00C04F79EFBC}") = "Math in C Sharp", "Math in C Sharp\Math in C Sharp.csproj", "{87091173-5DDD-4C64-81F8-F1C6286A233D}"
EndProject
Global
	GlobalSection(SolutionConfigurationPlatforms) = preSolution
		Debug|Any CPU = Debug|Any CPU
		Release|Any CPU = Release|Any CPU
	EndGlobalSection
	GlobalSection(ProjectConfigurationPlatforms) = postSolution
		{87091173-5DDD-4C64-81F8-F1C6286A233D}.Debug|Any CPU.ActiveCfg = Debug|Any CPU
		{87091173-5DDD-4C64-81F8-F1C6286A233D}.Debug|Any CPU.Build.0 = Debug|Any CPU
		{87091173-5DDD-4C64-81F8-F1C6286A233D}.Release|Any CPU.ActiveCfg = Release|Any CPU
		{87091173-5DDD-4C64-81F8-F1C6286A233D}.Release|Any CPU.Build.0 = Release|Any CPU
	EndGlobalSection
	GlobalSection(SolutionProperties) = preSolution
		HideSolutionNode = FALSE
	EndGlobalSection
	GlobalSection(ExtensibilityGlobals) = postSolution
		SolutionGuid = {D6A12CD3-8A93-4891-90E7-6D5DF2C0787E}
	EndGlobalSection
EndGlobal
