
Microsoft Visual Studio Solution File, Format Version 12.00
# Visual Studio Version 17
VisualStudioVersion = 17.4.33110.190
MinimumVisualStudioVersion = 10.0.40219.1
Project("{FAE04EC0-301F-11D3-BF4B-00C04F79EFBC}") = "Character Index", "Character Index\Character Index.csproj", "{0C91A9C4-EC4F-4E26-B863-2BB45CE806D8}"
EndProject
Global
	GlobalSection(SolutionConfigurationPlatforms) = preSolution
		Debug|Any CPU = Debug|Any CPU
		Release|Any CPU = Release|Any CPU
	EndGlobalSection
	GlobalSection(ProjectConfigurationPlatforms) = postSolution
		{0C91A9C4-EC4F-4E26-B863-2BB45CE806D8}.Debug|Any CPU.ActiveCfg = Debug|Any CPU
		{0C91A9C4-EC4F-4E26-B863-2BB45CE806D8}.Debug|Any CPU.Build.0 = Debug|Any CPU
		{0C91A9C4-EC4F-4E26-B863-2BB45CE806D8}.Release|Any CPU.ActiveCfg = Release|Any CPU
		{0C91A9C4-EC4F-4E26-B863-2BB45CE806D8}.Release|Any CPU.Build.0 = Release|Any CPU
	EndGlobalSection
	GlobalSection(SolutionProperties) = preSolution
		HideSolutionNode = FALSE
	EndGlobalSection
	GlobalSection(ExtensibilityGlobals) = postSolution
		SolutionGuid = {9B805EC8-98A2-4C88-8482-911C30D5DB51}
	EndGlobalSection
EndGlobal
